Microsoft Visual Studio Solution File, Format Version 12.00
# Visual Studio Version 17
VisualStudioVersion = 17.5.2.0
MinimumVisualStudioVersion = 10.0.40219.1
Project("{FAE04EC0-301F-11D3-BF4B-00C04F79EFBC}") = "SoliqAutoLogin", "SoliqAutoLogin\SoliqAutoLogin.csproj", "{658C197E-E975-4E80-1C52-FCB9B4777AF3}"
EndProject
Global
	GlobalSection(SolutionConfigurationPlatforms) = preSolution
		Debug|Any CPU = Debug|Any CPU
		Release|Any CPU = Release|Any CPU
	EndGlobalSection
	GlobalSection(ProjectConfigurationPlatforms) = postSolution
		{658C197E-E975-4E80-1C52-FCB9B4777AF3}.Debug|Any CPU.ActiveCfg = Debug|Any CPU
		{658C197E-E975-4E80-1C52-FCB9B4777AF3}.Debug|Any CPU.Build.0 = Debug|Any CPU
		{658C197E-E975-4E80-1C52-FCB9B4777AF3}.Release|Any CPU.ActiveCfg = Release|Any CPU
		{658C197E-E975-4E80-1C52-FCB9B4777AF3}.Release|Any CPU.Build.0 = Release|Any CPU
	EndGlobalSection
	GlobalSection(SolutionProperties) = preSolution
		HideSolutionNode = FALSE
	EndGlobalSection
	GlobalSection(ExtensibilityGlobals) = postSolution
		SolutionGuid = {7471429F-4312-4848-861B-B1A467B1A50B}
	EndGlobalSection
EndGlobal
